
Microsoft Visual Studio Solution File, Format Version 12.00
# Visual Studio 15
VisualStudioVersion = 15.0.28307.421
MinimumVisualStudioVersion = 10.0.40219.1
Project("{FAE04EC0-301F-11D3-BF4B-00C04F79EFBC}") = "HW2_1", "HW2_1\HW2_1.csproj", "{89E4E04D-4C1F-4594-B8A8-F63A4B0AC71C}"
EndProject
Global
	GlobalSection(SolutionConfigurationPlatforms) = preSolution
		Debug|Any CPU = Debug|Any CPU
		Release|Any CPU = Release|Any CPU
	EndGlobalSection
	GlobalSection(ProjectConfigurationPlatforms) = postSolution
		{89E4E04D-4C1F-4594-B8A8-F63A4B0AC71C}.Debug|Any CPU.ActiveCfg = Debug|Any CPU
		{89E4E04D-4C1F-4594-B8A8-F63A4B0AC71C}.Debug|Any CPU.Build.0 = Debug|Any CPU
		{89E4E04D-4C1F-4594-B8A8-F63A4B0AC71C}.Release|Any CPU.ActiveCfg = Release|Any CPU
		{89E4E04D-4C1F-4594-B8A8-F63A4B0AC71C}.Release|Any CPU.Build.0 = Release|Any CPU
	EndGlobalSection
	GlobalSection(SolutionProperties) = preSolution
		HideSolutionNode = FALSE
	EndGlobalSection
	GlobalSection(ExtensibilityGlobals) = postSolution
		SolutionGuid = {145E614D-F254-4C45-A3AD-9D75F68D38AA}
	EndGlobalSection
EndGlobal
